// !$*UTF8*$!
{
	archiveVersion = 1;
	classes = {
	};
	objectVersion = 77;
	objects = {

/* Begin PBXBuildFile section */
		27373A142D9EF6F900B5B705 /* AppThemeColors.xcassets in Resources */ = {isa = PBXBuildFile; fileRef = 27373A132D9EF6F900B5B705 /* AppThemeColors.xcassets */; };
		27373A162D9EF71600B5B705 /* CategoryColors.xcassets in Resources */ = {isa = PBXBuildFile; fileRef = 27373A152D9EF71600B5B705 /* CategoryColors.xcassets */; };
		27373A1B2D9EFA2E00B5B705 /* ColorExtension.swift in Sources */ = {isa = PBXBuildFile; fileRef = 27373A1A2D9EFA2E00B5B705 /* ColorExtension.swift */; };
		27427C8C2DB76FEB003F01D2 /* dailyExpenseDataTableViewCell.swift in Sources */ = {isa = PBXBuildFile; fileRef = 27427C8A2DB76FEB003F01D2 /* dailyExpenseDataTableViewCell.swift */; };
		27427C8D2DB76FEB003F01D2 /* dailyExpenseDataTableViewCell.xib in Resources */ = {isa = PBXBuildFile; fileRef = 27427C8B2DB76FEB003F01D2 /* dailyExpenseDataTableViewCell.xib */; };
		27427C902DB7700A003F01D2 /* CustomHeaderFooterTableViewCell.swift in Sources */ = {isa = PBXBuildFile; fileRef = 27427C8E2DB7700A003F01D2 /* CustomHeaderFooterTableViewCell.swift */; };
		27427C912DB7700A003F01D2 /* CustomHeaderFooterTableViewCell.xib in Resources */ = {isa = PBXBuildFile; fileRef = 27427C8F2DB7700A003F01D2 /* CustomHeaderFooterTableViewCell.xib */; };
		2758951C2DB13864000AE893 /* NavBarViewController.swift in Sources */ = {isa = PBXBuildFile; fileRef = 2758951A2DB13864000AE893 /* NavBarViewController.swift */; };
		2758951D2DB13864000AE893 /* NavBarViewController.xib in Resources */ = {isa = PBXBuildFile; fileRef = 2758951B2DB13864000AE893 /* NavBarViewController.xib */; };
		27804F422DBE41BD00C6E4A8 /* UIView+Layout.swift in Sources */ = {isa = PBXBuildFile; fileRef = 27804F3E2DBE41BD00C6E4A8 /* UIView+Layout.swift */; };
		27804F432DBE41BD00C6E4A8 /* NewExpenseModalView.swift in Sources */ = {isa = PBXBuildFile; fileRef = 27804F3A2DBE41BD00C6E4A8 /* NewExpenseModalView.swift */; };
		27804F442DBE41BD00C6E4A8 /* CategoricalExpenseViewController.swift in Sources */ = {isa = PBXBuildFile; fileRef = 27804F312DBE41BD00C6E4A8 /* CategoricalExpenseViewController.swift */; };
		27804F452DBE41BD00C6E4A8 /* HomeViewController.swift in Sources */ = {isa = PBXBuildFile; fileRef = 27804F352DBE41BD00C6E4A8 /* HomeViewController.swift */; };
		27804F462DBE41BD00C6E4A8 /* CategoryModal.swift in Sources */ = {isa = PBXBuildFile; fileRef = 27804F342DBE41BD00C6E4A8 /* CategoryModal.swift */; };
		27804F472DBE41BD00C6E4A8 /* NewExpenseModalViewController.swift in Sources */ = {isa = PBXBuildFile; fileRef = 27804F3B2DBE41BD00C6E4A8 /* NewExpenseModalViewController.swift */; };
		27804F482DBE41BD00C6E4A8 /* SettingsViewController.swift in Sources */ = {isa = PBXBuildFile; fileRef = 27804F3D2DBE41BD00C6E4A8 /* SettingsViewController.swift */; };
		27804F492DBE41BD00C6E4A8 /* CategoryExpenseTableViewCell.swift in Sources */ = {isa = PBXBuildFile; fileRef = 27804F332DBE41BD00C6E4A8 /* CategoryExpenseTableViewCell.swift */; };
		27804F4B2DBE41BD00C6E4A8 /* CategoryExpenseDataModel.swift in Sources */ = {isa = PBXBuildFile; fileRef = 27804F322DBE41BD00C6E4A8 /* CategoryExpenseDataModel.swift */; };
		27804F4E2DBE41BD00C6E4A8 /* NewExpenseModal.xib in Resources */ = {isa = PBXBuildFile; fileRef = 27804F392DBE41BD00C6E4A8 /* NewExpenseModal.xib */; };
		27804F4F2DBE41BD00C6E4A8 /* LaunchScreen.storyboard in Resources */ = {isa = PBXBuildFile; fileRef = 27804F372DBE41BD00C6E4A8 /* LaunchScreen.storyboard */; };
		27804F502DBE41BD00C6E4A8 /* Assets.xcassets in Resources */ = {isa = PBXBuildFile; fileRef = 27804F302DBE41BD00C6E4A8 /* Assets.xcassets */; };
		27EF0F9D2DA41A2000627944 /* Typography.swift in Sources */ = {isa = PBXBuildFile; fileRef = 27EF0F9C2DA41A2000627944 /* Typography.swift */; };
/* End PBXBuildFile section */

/* Begin PBXFileReference section */
		273739A72D9EF1F300B5B705 /* ExpenseTracker.app */ = {isa = PBXFileReference; explicitFileType = wrapper.application; includeInIndex = 0; path = ExpenseTracker.app; sourceTree = BUILT_PRODUCTS_DIR; };
		27373A132D9EF6F900B5B705 /* AppThemeColors.xcassets */ = {isa = PBXFileReference; lastKnownFileType = folder.assetcatalog; path = AppThemeColors.xcassets; sourceTree = "<group>"; };
		27373A152D9EF71600B5B705 /* CategoryColors.xcassets */ = {isa = PBXFileReference; lastKnownFileType = folder.assetcatalog; path = CategoryColors.xcassets; sourceTree = "<group>"; };
		27373A1A2D9EFA2E00B5B705 /* ColorExtension.swift */ = {isa = PBXFileReference; lastKnownFileType = sourcecode.swift; path = ColorExtension.swift; sourceTree = "<group>"; };
		27427C8A2DB76FEB003F01D2 /* dailyExpenseDataTableViewCell.swift */ = {isa = PBXFileReference; lastKnownFileType = sourcecode.swift; path = dailyExpenseDataTableViewCell.swift; sourceTree = "<group>"; };
		27427C8B2DB76FEB003F01D2 /* dailyExpenseDataTableViewCell.xib */ = {isa = PBXFileReference; lastKnownFileType = file.xib; path = dailyExpenseDataTableViewCell.xib; sourceTree = "<group>"; };
		27427C8E2DB7700A003F01D2 /* CustomHeaderFooterTableViewCell.swift */ = {isa = PBXFileReference; lastKnownFileType = sourcecode.swift; path = CustomHeaderFooterTableViewCell.swift; sourceTree = "<group>"; };
		27427C8F2DB7700A003F01D2 /* CustomHeaderFooterTableViewCell.xib */ = {isa = PBXFileReference; lastKnownFileType = file.xib; path = CustomHeaderFooterTableViewCell.xib; sourceTree = "<group>"; };
		2758951A2DB13864000AE893 /* NavBarViewController.swift */ = {isa = PBXFileReference; lastKnownFileType = sourcecode.swift; path = NavBarViewController.swift; sourceTree = "<group>"; };
		2758951B2DB13864000AE893 /* NavBarViewController.xib */ = {isa = PBXFileReference; lastKnownFileType = file.xib; path = NavBarViewController.xib; sourceTree = "<group>"; };
		27804F302DBE41BD00C6E4A8 /* Assets.xcassets */ = {isa = PBXFileReference; lastKnownFileType = folder.assetcatalog; path = Assets.xcassets; sourceTree = "<group>"; };
		27804F312DBE41BD00C6E4A8 /* CategoricalExpenseViewController.swift */ = {isa = PBXFileReference; lastKnownFileType = sourcecode.swift; path = CategoricalExpenseViewController.swift; sourceTree = "<group>"; };
		27804F322DBE41BD00C6E4A8 /* CategoryExpenseDataModel.swift */ = {isa = PBXFileReference; lastKnownFileType = sourcecode.swift; path = CategoryExpenseDataModel.swift; sourceTree = "<group>"; };
		27804F332DBE41BD00C6E4A8 /* CategoryExpenseTableViewCell.swift */ = {isa = PBXFileReference; lastKnownFileType = sourcecode.swift; path = CategoryExpenseTableViewCell.swift; sourceTree = "<group>"; };
		27804F342DBE41BD00C6E4A8 /* CategoryModal.swift */ = {isa = PBXFileReference; lastKnownFileType = sourcecode.swift; path = CategoryModal.swift; sourceTree = "<group>"; };
		27804F352DBE41BD00C6E4A8 /* HomeViewController.swift */ = {isa = PBXFileReference; lastKnownFileType = sourcecode.swift; path = HomeViewController.swift; sourceTree = "<group>"; };
		27804F392DBE41BD00C6E4A8 /* NewExpenseModal.xib */ = {isa = PBXFileReference; lastKnownFileType = file.xib; path = NewExpenseModal.xib; sourceTree = "<group>"; };
		27804F3A2DBE41BD00C6E4A8 /* NewExpenseModalView.swift */ = {isa = PBXFileReference; lastKnownFileType = sourcecode.swift; path = NewExpenseModalView.swift; sourceTree = "<group>"; };
		27804F3B2DBE41BD00C6E4A8 /* NewExpenseModalViewController.swift */ = {isa = PBXFileReference; lastKnownFileType = sourcecode.swift; path = NewExpenseModalViewController.swift; sourceTree = "<group>"; };
		27804F3D2DBE41BD00C6E4A8 /* SettingsViewController.swift */ = {isa = PBXFileReference; lastKnownFileType = sourcecode.swift; path = SettingsViewController.swift; sourceTree = "<group>"; };
		27804F3E2DBE41BD00C6E4A8 /* UIView+Layout.swift */ = {isa = PBXFileReference; lastKnownFileType = sourcecode.swift; path = "UIView+Layout.swift"; sourceTree = "<group>"; };
		27804F402DBE41BD00C6E4A8 /* Base */ = {isa = PBXFileReference; lastKnownFileType = file.storyboard; name = Base; path = Base.lproj/LaunchScreen.storyboard; sourceTree = "<group>"; };
		27EF0F9C2DA41A2000627944 /* Typography.swift */ = {isa = PBXFileReference; lastKnownFileType = sourcecode.swift; path = Typography.swift; sourceTree = "<group>"; };
/* End PBXFileReference section */

/* Begin PBXFileSystemSynchronizedBuildFileExceptionSet section */
		273739B92D9EF1F500B5B705 /* Exceptions for "ExpenseTracker" folder in "ExpenseTracker" target */ = {
			isa = PBXFileSystemSynchronizedBuildFileExceptionSet;
			membershipExceptions = (
				Info.plist,
			);
			target = 273739A62D9EF1F300B5B705 /* ExpenseTracker */;
		};
/* End PBXFileSystemSynchronizedBuildFileExceptionSet section */

/* Begin PBXFileSystemSynchronizedRootGroup section */
		273739A92D9EF1F300B5B705 /* ExpenseTracker */ = {
			isa = PBXFileSystemSynchronizedRootGroup;
			exceptions = (
				273739B92D9EF1F500B5B705 /* Exceptions for "ExpenseTracker" folder in "ExpenseTracker" target */,
			);
			path = ExpenseTracker;
			sourceTree = "<group>";
		};
		27373A3B2D9EFA8900B5B705 /* Fonts */ = {
			isa = PBXFileSystemSynchronizedRootGroup;
			path = Fonts;
			sourceTree = "<group>";
		};
/* End PBXFileSystemSynchronizedRootGroup section */

/* Begin PBXFrameworksBuildPhase section */
		273739A42D9EF1F300B5B705 /* Frameworks */ = {
			isa = PBXFrameworksBuildPhase;
			buildActionMask = 2147483647;
			files = (
			);
			runOnlyForDeploymentPostprocessing = 0;
		};
/* End PBXFrameworksBuildPhase section */

/* Begin PBXGroup section */
		2737399E2D9EF1F300B5B705 = {
			isa = PBXGroup;
			children = (
				27804F5E2DBE43B600C6E4A8 /* Extensions */,
				27804F5D2DBE439D00C6E4A8 /* Models */,
				27804F512DBE424200C6E4A8 /* Assets */,
				27804F552DBE429200C6E4A8 /* Controllers */,
				27373A172D9EF98400B5B705 /* Design */,
				273739A92D9EF1F300B5B705 /* ExpenseTracker */,
				273739A82D9EF1F300B5B705 /* Products */,
			);
			sourceTree = "<group>";
		};
		273739A82D9EF1F300B5B705 /* Products */ = {
			isa = PBXGroup;
			children = (
				273739A72D9EF1F300B5B705 /* ExpenseTracker.app */,
			);
			name = Products;
			sourceTree = "<group>";
		};
		27373A172D9EF98400B5B705 /* Design */ = {
			isa = PBXGroup;
			children = (
				27373A1A2D9EFA2E00B5B705 /* ColorExtension.swift */,
				27EF0F9C2DA41A2000627944 /* Typography.swift */,
				27804F372DBE41BD00C6E4A8 /* LaunchScreen.storyboard */,
			);
			path = Design;
			sourceTree = "<group>";
		};
		27804F512DBE424200C6E4A8 /* Assets */ = {
			isa = PBXGroup;
			children = (
				27804F5F2DBE43D200C6E4A8 /* CategoryIconAssets */,
				27804F532DBE426D00C6E4A8 /* CategoryColors */,
				27804F522DBE425900C6E4A8 /* AppThemeColors */,
				27373A3B2D9EFA8900B5B705 /* Fonts */,
			);
			path = Assets;
			sourceTree = "<group>";
		};
		27804F522DBE425900C6E4A8 /* AppThemeColors */ = {
			isa = PBXGroup;
			children = (
				27373A132D9EF6F900B5B705 /* AppThemeColors.xcassets */,
			);
			path = AppThemeColors;
			sourceTree = "<group>";
		};
		27804F532DBE426D00C6E4A8 /* CategoryColors */ = {
			isa = PBXGroup;
			children = (
				27373A152D9EF71600B5B705 /* CategoryColors.xcassets */,
			);
			path = CategoryColors;
			sourceTree = "<group>";
		};
		27804F552DBE429200C6E4A8 /* Controllers */ = {
			isa = PBXGroup;
			children = (
				27804F5C2DBE437C00C6E4A8 /* SettingViewController */,
				27804F5A2DBE433200C6E4A8 /* NewExpenseModal */,
				27804F592DBE432600C6E4A8 /* HomeViewController */,
				27804F572DBE42C000C6E4A8 /* CategoricalExpenseViewController */,
				27804F562DBE42AA00C6E4A8 /* NavBarViewController */,
			);
			path = Controllers;
			sourceTree = "<group>";
		};
		27804F562DBE42AA00C6E4A8 /* NavBarViewController */ = {
			isa = PBXGroup;
			children = (
				2758951A2DB13864000AE893 /* NavBarViewController.swift */,
				2758951B2DB13864000AE893 /* NavBarViewController.xib */,
			);
			path = NavBarViewController;
			sourceTree = "<group>";
		};
		27804F572DBE42C000C6E4A8 /* CategoricalExpenseViewController */ = {
			isa = PBXGroup;
			children = (
				27804F312DBE41BD00C6E4A8 /* CategoricalExpenseViewController.swift */,
				27804F582DBE42F100C6E4A8 /* DailyExpenseTable */,
			);
			path = CategoricalExpenseViewController;
			sourceTree = "<group>";
		};
		27804F582DBE42F100C6E4A8 /* DailyExpenseTable */ = {
			isa = PBXGroup;
			children = (
				27427C8A2DB76FEB003F01D2 /* dailyExpenseDataTableViewCell.swift */,
				27427C8E2DB7700A003F01D2 /* CustomHeaderFooterTableViewCell.swift */,
				27427C8F2DB7700A003F01D2 /* CustomHeaderFooterTableViewCell.xib */,
				27427C8B2DB76FEB003F01D2 /* dailyExpenseDataTableViewCell.xib */,
			);
			path = DailyExpenseTable;
			sourceTree = "<group>";
		};
		27804F592DBE432600C6E4A8 /* HomeViewController */ = {
			isa = PBXGroup;
			children = (
				27804F5B2DBE436200C6E4A8 /* CategoricalExpenseTable */,
				27804F352DBE41BD00C6E4A8 /* HomeViewController.swift */,
			);
			path = HomeViewController;
			sourceTree = "<group>";
		};
		27804F5A2DBE433200C6E4A8 /* NewExpenseModal */ = {
			isa = PBXGroup;
			children = (
				27804F392DBE41BD00C6E4A8 /* NewExpenseModal.xib */,
				27804F3A2DBE41BD00C6E4A8 /* NewExpenseModalView.swift */,
				27804F3B2DBE41BD00C6E4A8 /* NewExpenseModalViewController.swift */,
			);
			path = NewExpenseModal;
			sourceTree = "<group>";
		};
		27804F5B2DBE436200C6E4A8 /* CategoricalExpenseTable */ = {
			isa = PBXGroup;
			children = (
				27804F332DBE41BD00C6E4A8 /* CategoryExpenseTableViewCell.swift */,
			);
			path = CategoricalExpenseTable;
			sourceTree = "<group>";
		};
		27804F5C2DBE437C00C6E4A8 /* SettingViewController */ = {
			isa = PBXGroup;
			children = (
				27804F3D2DBE41BD00C6E4A8 /* SettingsViewController.swift */,
			);
			path = SettingViewController;
			sourceTree = "<group>";
		};
		27804F5D2DBE439D00C6E4A8 /* Models */ = {
			isa = PBXGroup;
			children = (
				27804F322DBE41BD00C6E4A8 /* CategoryExpenseDataModel.swift */,
				27804F342DBE41BD00C6E4A8 /* CategoryModal.swift */,
			);
			path = Models;
			sourceTree = "<group>";
		};
		27804F5E2DBE43B600C6E4A8 /* Extensions */ = {
			isa = PBXGroup;
			children = (
				27804F3E2DBE41BD00C6E4A8 /* UIView+Layout.swift */,
			);
			path = Extensions;
			sourceTree = "<group>";
		};
		27804F5F2DBE43D200C6E4A8 /* CategoryIconAssets */ = {
			isa = PBXGroup;
			children = (
				27804F302DBE41BD00C6E4A8 /* Assets.xcassets */,
			);
			path = CategoryIconAssets;
			sourceTree = "<group>";
		};
/* End PBXGroup section */

/* Begin PBXNativeTarget section */
		273739A62D9EF1F300B5B705 /* ExpenseTracker */ = {
			isa = PBXNativeTarget;
			buildConfigurationList = 273739BA2D9EF1F500B5B705 /* Build configuration list for PBXNativeTarget "ExpenseTracker" */;
			buildPhases = (
				273739A32D9EF1F300B5B705 /* Sources */,
				273739A42D9EF1F300B5B705 /* Frameworks */,
				273739A52D9EF1F300B5B705 /* Resources */,
			);
			buildRules = (
			);
			dependencies = (
			);
			fileSystemSynchronizedGroups = (
				273739A92D9EF1F300B5B705 /* ExpenseTracker */,
				27373A3B2D9EFA8900B5B705 /* Fonts */,
			);
			name = ExpenseTracker;
			packageProductDependencies = (
			);
			productName = ExpenseTracker;
			productReference = 273739A72D9EF1F300B5B705 /* ExpenseTracker.app */;
			productType = "com.apple.product-type.application";
		};
/* End PBXNativeTarget section */

/* Begin PBXProject section */
		2737399F2D9EF1F300B5B705 /* Project object */ = {
			isa = PBXProject;
			attributes = {
				BuildIndependentTargetsInParallel = 1;
				LastSwiftUpdateCheck = 1620;
				LastUpgradeCheck = 1620;
				TargetAttributes = {
					273739A62D9EF1F300B5B705 = {
						CreatedOnToolsVersion = 16.2;
					};
				};
			};
			buildConfigurationList = 273739A22D9EF1F300B5B705 /* Build configuration list for PBXProject "ExpenseTracker" */;
			developmentRegion = en;
			hasScannedForEncodings = 0;
			knownRegions = (
				en,
				Base,
			);
			mainGroup = 2737399E2D9EF1F300B5B705;
			minimizedProjectReferenceProxies = 1;
			preferredProjectObjectVersion = 77;
			productRefGroup = 273739A82D9EF1F300B5B705 /* Products */;
			projectDirPath = "";
			projectRoot = "";
			targets = (
				273739A62D9EF1F300B5B705 /* ExpenseTracker */,
			);
		};
/* End PBXProject section */

/* Begin PBXResourcesBuildPhase section */
		273739A52D9EF1F300B5B705 /* Resources */ = {
			isa = PBXResourcesBuildPhase;
			buildActionMask = 2147483647;
			files = (
				27427C8D2DB76FEB003F01D2 /* dailyExpenseDataTableViewCell.xib in Resources */,
				27804F4E2DBE41BD00C6E4A8 /* NewExpenseModal.xib in Resources */,
				27804F4F2DBE41BD00C6E4A8 /* LaunchScreen.storyboard in Resources */,
				27804F502DBE41BD00C6E4A8 /* Assets.xcassets in Resources */,
				27427C912DB7700A003F01D2 /* CustomHeaderFooterTableViewCell.xib in Resources */,
				27373A142D9EF6F900B5B705 /* AppThemeColors.xcassets in Resources */,
				27373A162D9EF71600B5B705 /* CategoryColors.xcassets in Resources */,
				2758951D2DB13864000AE893 /* NavBarViewController.xib in Resources */,
			);
			runOnlyForDeploymentPostprocessing = 0;
		};
/* End PBXResourcesBuildPhase section */

/* Begin PBXSourcesBuildPhase section */
		273739A32D9EF1F300B5B705 /* Sources */ = {
			isa = PBXSourcesBuildPhase;
			buildActionMask = 2147483647;
			files = (
				27EF0F9D2DA41A2000627944 /* Typography.swift in Sources */,
				27373A1B2D9EFA2E00B5B705 /* ColorExtension.swift in Sources */,
				27804F422DBE41BD00C6E4A8 /* UIView+Layout.swift in Sources */,
				27804F432DBE41BD00C6E4A8 /* NewExpenseModalView.swift in Sources */,
				27804F442DBE41BD00C6E4A8 /* CategoricalExpenseViewController.swift in Sources */,
				27804F452DBE41BD00C6E4A8 /* HomeViewController.swift in Sources */,
				27804F462DBE41BD00C6E4A8 /* CategoryModal.swift in Sources */,
				27804F472DBE41BD00C6E4A8 /* NewExpenseModalViewController.swift in Sources */,
				27804F482DBE41BD00C6E4A8 /* SettingsViewController.swift in Sources */,
				27804F492DBE41BD00C6E4A8 /* CategoryExpenseTableViewCell.swift in Sources */,
				27804F4B2DBE41BD00C6E4A8 /* CategoryExpenseDataModel.swift in Sources */,
				27427C902DB7700A003F01D2 /* CustomHeaderFooterTableViewCell.swift in Sources */,
				27427C8C2DB76FEB003F01D2 /* dailyExpenseDataTableViewCell.swift in Sources */,
				2758951C2DB13864000AE893 /* NavBarViewController.swift in Sources */,
			);
			runOnlyForDeploymentPostprocessing = 0;
		};
/* End PBXSourcesBuildPhase section */

/* Begin PBXVariantGroup section */
		27804F372DBE41BD00C6E4A8 /* LaunchScreen.storyboard */ = {
			isa = PBXVariantGroup;
			children = (
				27804F402DBE41BD00C6E4A8 /* Base */,
			);
			name = LaunchScreen.storyboard;
			sourceTree = "<group>";
		};
/* End PBXVariantGroup section */

/* Begin XCBuildConfiguration section */
		273739BB2D9EF1F500B5B705 /* Debug */ = {
			isa = XCBuildConfiguration;
			buildSettings = {
				ASSETCATALOG_COMPILER_APPICON_NAME = AppIcon;
				ASSETCATALOG_COMPILER_GLOBAL_ACCENT_COLOR_NAME = AccentColor;
				CODE_SIGN_STYLE = Automatic;
				CURRENT_PROJECT_VERSION = 1;
				GENERATE_INFOPLIST_FILE = YES;
				INFOPLIST_FILE = ExpenseTracker/Info.plist;
				INFOPLIST_KEY_UIApplicationSupportsIndirectInputEvents = YES;
				INFOPLIST_KEY_UILaunchStoryboardName = LaunchScreen;
				INFOPLIST_KEY_UIMainStoryboardFile = Main;
				INFOPLIST_KEY_UISupportedInterfaceOrientations = UIInterfaceOrientationPortrait;
				INFOPLIST_KEY_UISupportedInterfaceOrientations_iPad = "UIInterfaceOrientationLandscapeLeft UIInterfaceOrientationLandscapeRight UIInterfaceOrientationPortrait UIInterfaceOrientationPortraitUpsideDown";
				LD_RUNPATH_SEARCH_PATHS = (
					"$(inherited)",
					"@executable_path/Frameworks",
				);
				MARKETING_VERSION = 1.0;
				PRODUCT_BUNDLE_IDENTIFIER = me.shankar.sampada.ExpenseTracker;
				PRODUCT_NAME = "$(TARGET_NAME)";
				SUPPORTED_PLATFORMS = "iphoneos iphonesimulator";
				SUPPORTS_MACCATALYST = NO;
				SUPPORTS_MAC_DESIGNED_FOR_IPHONE_IPAD = NO;
				SUPPORTS_XR_DESIGNED_FOR_IPHONE_IPAD = NO;
				SWIFT_EMIT_LOC_STRINGS = YES;
				SWIFT_VERSION = 5.0;
				TARGETED_DEVICE_FAMILY = 1;
			};
			name = Debug;
		};
		273739BC2D9EF1F500B5B705 /* Release */ = {
			isa = XCBuildConfiguration;
			buildSettings = {
				ASSETCATALOG_COMPILER_APPICON_NAME = AppIcon;
				ASSETCATALOG_COMPILER_GLOBAL_ACCENT_COLOR_NAME = AccentColor;
				CODE_SIGN_STYLE = Automatic;
				CURRENT_PROJECT_VERSION = 1;
				GENERATE_INFOPLIST_FILE = YES;
				INFOPLIST_FILE = ExpenseTracker/Info.plist;
				INFOPLIST_KEY_UIApplicationSupportsIndirectInputEvents = YES;
				INFOPLIST_KEY_UILaunchStoryboardName = LaunchScreen;
				INFOPLIST_KEY_UIMainStoryboardFile = Main;
				INFOPLIST_KEY_UISupportedInterfaceOrientations = UIInterfaceOrientationPortrait;
				INFOPLIST_KEY_UISupportedInterfaceOrientations_iPad = "UIInterfaceOrientationLandscapeLeft UIInterfaceOrientationLandscapeRight UIInterfaceOrientationPortrait UIInterfaceOrientationPortraitUpsideDown";
				LD_RUNPATH_SEARCH_PATHS = (
					"$(inherited)",
					"@executable_path/Frameworks",
				);
				MARKETING_VERSION = 1.0;
				PRODUCT_BUNDLE_IDENTIFIER = me.shankar.sampada.ExpenseTracker;
				PRODUCT_NAME = "$(TARGET_NAME)";
				SUPPORTED_PLATFORMS = "iphoneos iphonesimulator";
				SUPPORTS_MACCATALYST = NO;
				SUPPORTS_MAC_DESIGNED_FOR_IPHONE_IPAD = NO;
				SUPPORTS_XR_DESIGNED_FOR_IPHONE_IPAD = NO;
				SWIFT_EMIT_LOC_STRINGS = YES;
				SWIFT_VERSION = 5.0;
				TARGETED_DEVICE_FAMILY = 1;
			};
			name = Release;
		};
		273739BD2D9EF1F500B5B705 /* Debug */ = {
			isa = XCBuildConfiguration;
			buildSettings = {
				ALWAYS_SEARCH_USER_PATHS = NO;
				ASSETCATALOG_COMPILER_GENERATE_SWIFT_ASSET_SYMBOL_EXTENSIONS = YES;
				CLANG_ANALYZER_NONNULL = YES;
				CLANG_ANALYZER_NUMBER_OBJECT_CONVERSION = YES_AGGRESSIVE;
				CLANG_CXX_LANGUAGE_STANDARD = "gnu++20";
				CLANG_ENABLE_MODULES = YES;
				CLANG_ENABLE_OBJC_ARC = YES;
				CLANG_ENABLE_OBJC_WEAK = YES;
				CLANG_WARN_BLOCK_CAPTURE_AUTORELEASING = YES;
				CLANG_WARN_BOOL_CONVERSION = YES;
				CLANG_WARN_COMMA = YES;
				CLANG_WARN_CONSTANT_CONVERSION = YES;
				CLANG_WARN_DEPRECATED_OBJC_IMPLEMENTATIONS = YES;
				CLANG_WARN_DIRECT_OBJC_ISA_USAGE = YES_ERROR;
				CLANG_WARN_DOCUMENTATION_COMMENTS = YES;
				CLANG_WARN_EMPTY_BODY = YES;
				CLANG_WARN_ENUM_CONVERSION = YES;
				CLANG_WARN_INFINITE_RECURSION = YES;
				CLANG_WARN_INT_CONVERSION = YES;
				CLANG_WARN_NON_LITERAL_NULL_CONVERSION = YES;
				CLANG_WARN_OBJC_IMPLICIT_RETAIN_SELF = YES;
				CLANG_WARN_OBJC_LITERAL_CONVERSION = YES;
				CLANG_WARN_OBJC_ROOT_CLASS = YES_ERROR;
				CLANG_WARN_QUOTED_INCLUDE_IN_FRAMEWORK_HEADER = YES;
				CLANG_WARN_RANGE_LOOP_ANALYSIS = YES;
				CLANG_WARN_STRICT_PROTOTYPES = YES;
				CLANG_WARN_SUSPICIOUS_MOVE = YES;
				CLANG_WARN_UNGUARDED_AVAILABILITY = YES_AGGRESSIVE;
				CLANG_WARN_UNREACHABLE_CODE = YES;
				CLANG_WARN__DUPLICATE_METHOD_MATCH = YES;
				COPY_PHASE_STRIP = NO;
				DEBUG_INFORMATION_FORMAT = dwarf;
				ENABLE_STRICT_OBJC_MSGSEND = YES;
				ENABLE_TESTABILITY = YES;
				ENABLE_USER_SCRIPT_SANDBOXING = YES;
				GCC_C_LANGUAGE_STANDARD = gnu17;
				GCC_DYNAMIC_NO_PIC = NO;
				GCC_NO_COMMON_BLOCKS = YES;
				GCC_OPTIMIZATION_LEVEL = 0;
				GCC_PREPROCESSOR_DEFINITIONS = (
					"DEBUG=1",
					"$(inherited)",
				);
				GCC_WARN_64_TO_32_BIT_CONVERSION = YES;
				GCC_WARN_ABOUT_RETURN_TYPE = YES_ERROR;
				GCC_WARN_UNDECLARED_SELECTOR = YES;
				GCC_WARN_UNINITIALIZED_AUTOS = YES_AGGRESSIVE;
				GCC_WARN_UNUSED_FUNCTION = YES;
				GCC_WARN_UNUSED_VARIABLE = YES;
				IPHONEOS_DEPLOYMENT_TARGET = 18.2;
				LOCALIZATION_PREFERS_STRING_CATALOGS = YES;
				MTL_ENABLE_DEBUG_INFO = INCLUDE_SOURCE;
				MTL_FAST_MATH = YES;
				ONLY_ACTIVE_ARCH = YES;
				SDKROOT = iphoneos;
				SWIFT_ACTIVE_COMPILATION_CONDITIONS = "DEBUG $(inherited)";
				SWIFT_OPTIMIZATION_LEVEL = "-Onone";
			};
			name = Debug;
		};
		273739BE2D9EF1F500B5B705 /* Release */ = {
			isa = XCBuildConfiguration;
			buildSettings = {
				ALWAYS_SEARCH_USER_PATHS = NO;
				ASSETCATALOG_COMPILER_GENERATE_SWIFT_ASSET_SYMBOL_EXTENSIONS = YES;
				CLANG_ANALYZER_NONNULL = YES;
				CLANG_ANALYZER_NUMBER_OBJECT_CONVERSION = YES_AGGRESSIVE;
				CLANG_CXX_LANGUAGE_STANDARD = "gnu++20";
				CLANG_ENABLE_MODULES = YES;
				CLANG_ENABLE_OBJC_ARC = YES;
				CLANG_ENABLE_OBJC_WEAK = YES;
				CLANG_WARN_BLOCK_CAPTURE_AUTORELEASING = YES;
				CLANG_WARN_BOOL_CONVERSION = YES;
				CLANG_WARN_COMMA = YES;
				CLANG_WARN_CONSTANT_CONVERSION = YES;
				CLANG_WARN_DEPRECATED_OBJC_IMPLEMENTATIONS = YES;
				CLANG_WARN_DIRECT_OBJC_ISA_USAGE = YES_ERROR;
				CLANG_WARN_DOCUMENTATION_COMMENTS = YES;
				CLANG_WARN_EMPTY_BODY = YES;
				CLANG_WARN_ENUM_CONVERSION = YES;
				CLANG_WARN_INFINITE_RECURSION = YES;
				CLANG_WARN_INT_CONVERSION = YES;
				CLANG_WARN_NON_LITERAL_NULL_CONVERSION = YES;
				CLANG_WARN_OBJC_IMPLICIT_RETAIN_SELF = YES;
				CLANG_WARN_OBJC_LITERAL_CONVERSION = YES;
				CLANG_WARN_OBJC_ROOT_CLASS = YES_ERROR;
				CLANG_WARN_QUOTED_INCLUDE_IN_FRAMEWORK_HEADER = YES;
				CLANG_WARN_RANGE_LOOP_ANALYSIS = YES;
				CLANG_WARN_STRICT_PROTOTYPES = YES;
				CLANG_WARN_SUSPICIOUS_MOVE = YES;
				CLANG_WARN_UNGUARDED_AVAILABILITY = YES_AGGRESSIVE;
				CLANG_WARN_UNREACHABLE_CODE = YES;
				CLANG_WARN__DUPLICATE_METHOD_MATCH = YES;
				COPY_PHASE_STRIP = NO;
				DEBUG_INFORMATION_FORMAT = "dwarf-with-dsym";
				ENABLE_NS_ASSERTIONS = NO;
				ENABLE_STRICT_OBJC_MSGSEND = YES;
				ENABLE_USER_SCRIPT_SANDBOXING = YES;
				GCC_C_LANGUAGE_STANDARD = gnu17;
				GCC_NO_COMMON_BLOCKS = YES;
				GCC_WARN_64_TO_32_BIT_CONVERSION = YES;
				GCC_WARN_ABOUT_RETURN_TYPE = YES_ERROR;
				GCC_WARN_UNDECLARED_SELECTOR = YES;
				GCC_WARN_UNINITIALIZED_AUTOS = YES_AGGRESSIVE;
				GCC_WARN_UNUSED_FUNCTION = YES;
				GCC_WARN_UNUSED_VARIABLE = YES;
				IPHONEOS_DEPLOYMENT_TARGET = 18.2;
				LOCALIZATION_PREFERS_STRING_CATALOGS = YES;
				MTL_ENABLE_DEBUG_INFO = NO;
				MTL_FAST_MATH = YES;
				SDKROOT = iphoneos;
				SWIFT_COMPILATION_MODE = wholemodule;
				VALIDATE_PRODUCT = YES;
			};
			name = Release;
		};
/* End XCBuildConfiguration section */

/* Begin XCConfigurationList section */
		273739A22D9EF1F300B5B705 /* Build configuration list for PBXProject "ExpenseTracker" */ = {
			isa = XCConfigurationList;
			buildConfigurations = (
				273739BD2D9EF1F500B5B705 /* Debug */,
				273739BE2D9EF1F500B5B705 /* Release */,
			);
			defaultConfigurationIsVisible = 0;
			defaultConfigurationName = Release;
		};
		273739BA2D9EF1F500B5B705 /* Build configuration list for PBXNativeTarget "ExpenseTracker" */ = {
			isa = XCConfigurationList;
			buildConfigurations = (
				273739BB2D9EF1F500B5B705 /* Debug */,
				273739BC2D9EF1F500B5B705 /* Release */,
			);
			defaultConfigurationIsVisible = 0;
			defaultConfigurationName = Release;
		};
/* End XCConfigurationList section */
	};
	rootObject = 2737399F2D9EF1F300B5B705 /* Project object */;
}
